
Microsoft Visual Studio Solution File, Format Version 12.00
# Visual Studio Version 17
VisualStudioVersion = 17.12.35527.113 d17.12
MinimumVisualStudioVersion = 10.0.40219.1
Project("{FAE04EC0-301F-11D3-BF4B-00C04F79EFBC}") = "Ticket 2.Android", "Ticket 2\Ticket 2.Android\Ticket 2.Android.csproj", "{38D67BAB-048B-4979-BEE3-988064FABD7E}"
EndProject
Project("{FAE04EC0-301F-11D3-BF4B-00C04F79EFBC}") = "Ticket 2", "Ticket 2\Ticket 2\Ticket 2.csproj", "{C14EDEC7-7BFE-4D38-B772-C994C156B971}"
EndProject
Global
	GlobalSection(SolutionConfigurationPlatforms) = preSolution
		Debug|Any CPU = Debug|Any CPU
		Release|Any CPU = Release|Any CPU
	EndGlobalSection
	GlobalSection(ProjectConfigurationPlatforms) = postSolution
		{38D67BAB-048B-4979-BEE3-988064FABD7E}.Debug|Any CPU.ActiveCfg = Debug|Any CPU
		{38D67BAB-048B-4979-BEE3-988064FABD7E}.Debug|Any CPU.Build.0 = Debug|Any CPU
		{38D67BAB-048B-4979-BEE3-988064FABD7E}.Debug|Any CPU.Deploy.0 = Debug|Any CPU
		{38D67BAB-048B-4979-BEE3-988064FABD7E}.Release|Any CPU.ActiveCfg = Release|Any CPU
		{38D67BAB-048B-4979-BEE3-988064FABD7E}.Release|Any CPU.Build.0 = Release|Any CPU
		{38D67BAB-048B-4979-BEE3-988064FABD7E}.Release|Any CPU.Deploy.0 = Release|Any CPU
		{C14EDEC7-7BFE-4D38-B772-C994C156B971}.Debug|Any CPU.ActiveCfg = Debug|Any CPU
		{C14EDEC7-7BFE-4D38-B772-C994C156B971}.Debug|Any CPU.Build.0 = Debug|Any CPU
		{C14EDEC7-7BFE-4D38-B772-C994C156B971}.Debug|Any CPU.Deploy.0 = Debug|Any CPU
		{C14EDEC7-7BFE-4D38-B772-C994C156B971}.Release|Any CPU.ActiveCfg = Release|Any CPU
		{C14EDEC7-7BFE-4D38-B772-C994C156B971}.Release|Any CPU.Build.0 = Release|Any CPU
		{C14EDEC7-7BFE-4D38-B772-C994C156B971}.Release|Any CPU.Deploy.0 = Release|Any CPU
	EndGlobalSection
	GlobalSection(SolutionProperties) = preSolution
		HideSolutionNode = FALSE
	EndGlobalSection
EndGlobal
