
Microsoft Visual Studio Solution File, Format Version 12.00
# Visual Studio Version 17
VisualStudioVersion = 17.12.35527.113 d17.12
MinimumVisualStudioVersion = 10.0.40219.1
Project("{FAE04EC0-301F-11D3-BF4B-00C04F79EFBC}") = "Ticket 5.Android", "Ticket 5\Ticket 5.Android\Ticket 5.Android.csproj", "{92E894FE-59A6-4C0D-82A5-15ED89F3BA67}"
EndProject
Project("{FAE04EC0-301F-11D3-BF4B-00C04F79EFBC}") = "Ticket 5", "Ticket 5\Ticket 5\Ticket 5.csproj", "{0F9AB5D8-5FAE-4590-BD18-EE7F1C2ABCFA}"
EndProject
Global
	GlobalSection(SolutionConfigurationPlatforms) = preSolution
		Debug|Any CPU = Debug|Any CPU
		Release|Any CPU = Release|Any CPU
	EndGlobalSection
	GlobalSection(ProjectConfigurationPlatforms) = postSolution
		{92E894FE-59A6-4C0D-82A5-15ED89F3BA67}.Debug|Any CPU.ActiveCfg = Debug|Any CPU
		{92E894FE-59A6-4C0D-82A5-15ED89F3BA67}.Debug|Any CPU.Build.0 = Debug|Any CPU
		{92E894FE-59A6-4C0D-82A5-15ED89F3BA67}.Debug|Any CPU.Deploy.0 = Debug|Any CPU
		{92E894FE-59A6-4C0D-82A5-15ED89F3BA67}.Release|Any CPU.ActiveCfg = Release|Any CPU
		{92E894FE-59A6-4C0D-82A5-15ED89F3BA67}.Release|Any CPU.Build.0 = Release|Any CPU
		{92E894FE-59A6-4C0D-82A5-15ED89F3BA67}.Release|Any CPU.Deploy.0 = Release|Any CPU
		{0F9AB5D8-5FAE-4590-BD18-EE7F1C2ABCFA}.Debug|Any CPU.ActiveCfg = Debug|Any CPU
		{0F9AB5D8-5FAE-4590-BD18-EE7F1C2ABCFA}.Debug|Any CPU.Build.0 = Debug|Any CPU
		{0F9AB5D8-5FAE-4590-BD18-EE7F1C2ABCFA}.Debug|Any CPU.Deploy.0 = Debug|Any CPU
		{0F9AB5D8-5FAE-4590-BD18-EE7F1C2ABCFA}.Release|Any CPU.ActiveCfg = Release|Any CPU
		{0F9AB5D8-5FAE-4590-BD18-EE7F1C2ABCFA}.Release|Any CPU.Build.0 = Release|Any CPU
		{0F9AB5D8-5FAE-4590-BD18-EE7F1C2ABCFA}.Release|Any CPU.Deploy.0 = Release|Any CPU
	EndGlobalSection
	GlobalSection(SolutionProperties) = preSolution
		HideSolutionNode = FALSE
	EndGlobalSection
EndGlobal
